---
- hosts: all

  tasks:
    - name: start the block session
      block:
        - yum:
            name: httpd
            state: present
      rescue:
        - yum:
            name: nginx
            state: absent
      always:
        - shell: rpm -qa httpd
          register: result_rpm
        - debug:
            msg: "{{ result_rpm.stdout }}"
