- hosts: all
  vars:
    webpackages:
      - httpd
      - vsftpd
      - php
      - mariadb-server
    webservices:
      - httpd
      - vsftpd
      - mariadb-server

  become: false
  remote_user: student

  handlers:
    - name: hd_restart_httpd
      systemd:
        name: httpd
    - name: hd_restart_vsftpd
      systemd:
        name: vsftpd
    - name: hd_restart_mariadb
      systemd:
        name: mariadb

  tasks:
    - name: start block on {{ inventory_hostname }}
      block:
        - name: install web server package
          package:
            name: "{{ item }}"
            state: present
            loop: "{{ webpackages }}"
          register: result_packages

        - name: start services for web
          systemd:
            name: "{{ item }}"
            state: started
            loop: "{{ webservices }}"
          register: result_services

      rescuse:

      alwasys:
        - name: clean up to dnf caches
          shell: dnf clean all
        - name: report of package installation
          debug:
            msg: result_packages
        - name: report of service status
          debug:
            msg: result_services
